{
  "name": "ng2-fuse",
  "version": "1.0.0",
  "lockfileVersion": 1,
  "dependencies": {
    "@angular/common": {
      "version": "4.2.2",
      "resolved": "https://registry.npmjs.org/@angular/common/-/common-4.2.2.tgz",
      "integrity": "sha1-fAfEaJfVhUJxJAeQEwB33IOgp3U="
    },
    "@angular/core": {
      "version": "4.2.2",
      "resolved": "https://registry.npmjs.org/@angular/core/-/core-4.2.2.tgz",
      "integrity": "sha1-r1WH3aJ1k1hocJ2MGG4twqHXCgA="
    },
    "@angular/forms": {
      "version": "4.2.2",
      "resolved": "https://registry.npmjs.org/@angular/forms/-/forms-4.2.2.tgz",
      "integrity": "sha1-XJYK0pYKCuKZn8R0Vg1z6RDRGKA="
    },
    "tslib": {
      "version": "1.7.1",
      "resolved": "https://registry.npmjs.org/tslib/-/tslib-1.7.1.tgz",
      "integrity": "sha1-vIAEFkaRkjp5/oN4u+s9ogF1OOw="
    }
  }
}
